// !$*UTF8*$!
{
	archiveVersion = 1;
	classes = {
	};
	objectVersion = 46;
	objects = {

/* Begin PBXBuildFile section */
		62E4074D1AA7F48A00528C82 /* AppDelegate.swift in Sources */ = {isa = PBXBuildFile; fileRef = 62E4074C1AA7F48A00528C82 /* AppDelegate.swift */; };
		62E4074F1AA7F48A00528C82 /* ViewController.swift in Sources */ = {isa = PBXBuildFile; fileRef = 62E4074E1AA7F48A00528C82 /* ViewController.swift */; };
		62E407521AA7F48A00528C82 /* Main.storyboard in Resources */ = {isa = PBXBuildFile; fileRef = 62E407501AA7F48A00528C82 /* Main.storyboard */; };
		62E407541AA7F48A00528C82 /* Images.xcassets in Resources */ = {isa = PBXBuildFile; fileRef = 62E407531AA7F48A00528C82 /* Images.xcassets */; };
		62E407571AA7F48A00528C82 /* LaunchScreen.xib in Resources */ = {isa = PBXBuildFile; fileRef = 62E407551AA7F48A00528C82 /* LaunchScreen.xib */; };
		62E407631AA7F48A00528C82 /* My_ProfileTests.swift in Sources */ = {isa = PBXBuildFile; fileRef = 62E407621AA7F48A00528C82 /* My_ProfileTests.swift */; };
/* End PBXBuildFile section */

/* Begin PBXContainerItemProxy section */
		62E4075D1AA7F48A00528C82 /* PBXContainerItemProxy */ = {
			isa = PBXContainerItemProxy;
			containerPortal = 62E4073F1AA7F48A00528C82 /* Project object */;
			proxyType = 1;
			remoteGlobalIDString = 62E407461AA7F48A00528C82;
			remoteInfo = "My Profile";
		};
/* End PBXContainerItemProxy section */

/* Begin PBXFileReference section */
		62E407471AA7F48A00528C82 /* My Profile.app */ = {isa = PBXFileReference; explicitFileType = wrapper.application; includeInIndex = 0; path = "My Profile.app"; sourceTree = BUILT_PRODUCTS_DIR; };
		62E4074B1AA7F48A00528C82 /* Info.plist */ = {isa = PBXFileReference; lastKnownFileType = text.plist.xml; path = Info.plist; sourceTree = "<group>"; };
		62E4074C1AA7F48A00528C82 /* AppDelegate.swift */ = {isa = PBXFileReference; lastKnownFileType = sourcecode.swift; path = AppDelegate.swift; sourceTree = "<group>"; };
		62E4074E1AA7F48A00528C82 /* ViewController.swift */ = {isa = PBXFileReference; lastKnownFileType = sourcecode.swift; path = ViewController.swift; sourceTree = "<group>"; };
		62E407511AA7F48A00528C82 /* Base */ = {isa = PBXFileReference; lastKnownFileType = file.storyboard; name = Base; path = Base.lproj/Main.storyboard; sourceTree = "<group>"; };
		62E407531AA7F48A00528C82 /* Images.xcassets */ = {isa = PBXFileReference; lastKnownFileType = folder.assetcatalog; path = Images.xcassets; sourceTree = "<group>"; };
		62E407561AA7F48A00528C82 /* Base */ = {isa = PBXFileReference; lastKnownFileType = file.xib; name = Base; path = Base.lproj/LaunchScreen.xib; sourceTree = "<group>"; };
		62E4075C1AA7F48A00528C82 /* My ProfileTests.xctest */ = {isa = PBXFileReference; explicitFileType = wrapper.cfbundle; includeInIndex = 0; path = "My ProfileTests.xctest"; sourceTree = BUILT_PRODUCTS_DIR; };
		62E407611AA7F48A00528C82 /* Info.plist */ = {isa = PBXFileReference; lastKnownFileType = text.plist.xml; path = Info.plist; sourceTree = "<group>"; };
		62E407621AA7F48A00528C82 /* My_ProfileTests.swift */ = {isa = PBXFileReference; lastKnownFileType = sourcecode.swift; path = My_ProfileTests.swift; sourceTree = "<group>"; };
/* End PBXFileReference section */

/* Begin PBXFrameworksBuildPhase section */
		62E407441AA7F48A00528C82 /* Frameworks */ = {
			isa = PBXFrameworksBuildPhase;
			buildActionMask = 2147483647;
			files = (
			);
			runOnlyForDeploymentPostprocessing = 0;
		};
		62E407591AA7F48A00528C82 /* Frameworks */ = {
			isa = PBXFrameworksBuildPhase;
			buildActionMask = 2147483647;
			files = (
			);
			runOnlyForDeploymentPostprocessing = 0;
		};
/* End PBXFrameworksBuildPhase section */

/* Begin PBXGroup section */
		62E4073E1AA7F48A00528C82 = {
			isa = PBXGroup;
			children = (
				62E407491AA7F48A00528C82 /* My Profile */,
				62E4075F1AA7F48A00528C82 /* My ProfileTests */,
				62E407481AA7F48A00528C82 /* Products */,
			);
			sourceTree = "<group>";
		};
		62E407481AA7F48A00528C82 /* Products */ = {
			isa = PBXGroup;
			children = (
				62E407471AA7F48A00528C82 /* My Profile.app */,
				62E4075C1AA7F48A00528C82 /* My ProfileTests.xctest */,
			);
			name = Products;
			sourceTree = "<group>";
		};
		62E407491AA7F48A00528C82 /* My Profile */ = {
			isa = PBXGroup;
			children = (
				62E4074C1AA7F48A00528C82 /* AppDelegate.swift */,
				62E4074E1AA7F48A00528C82 /* ViewController.swift */,
				62E407501AA7F48A00528C82 /* Main.storyboard */,
				62E407531AA7F48A00528C82 /* Images.xcassets */,
				62E407551AA7F48A00528C82 /* LaunchScreen.xib */,
				62E4074A1AA7F48A00528C82 /* Supporting Files */,
			);
			path = "My Profile";
			sourceTree = "<group>";
		};
		62E4074A1AA7F48A00528C82 /* Supporting Files */ = {
			isa = PBXGroup;
			children = (
				62E4074B1AA7F48A00528C82 /* Info.plist */,
			);
			name = "Supporting Files";
			sourceTree = "<group>";
		};
		62E4075F1AA7F48A00528C82 /* My ProfileTests */ = {
			isa = PBXGroup;
			children = (
				62E407621AA7F48A00528C82 /* My_ProfileTests.swift */,
				62E407601AA7F48A00528C82 /* Supporting Files */,
			);
			path = "My ProfileTests";
			sourceTree = "<group>";
		};
		62E407601AA7F48A00528C82 /* Supporting Files */ = {
			isa = PBXGroup;
			children = (
				62E407611AA7F48A00528C82 /* Info.plist */,
			);
			name = "Supporting Files";
			sourceTree = "<group>";
		};
/* End PBXGroup section */

/* Begin PBXNativeTarget section */
		62E407461AA7F48A00528C82 /* My Profile */ = {
			isa = PBXNativeTarget;
			buildConfigurationList = 62E407661AA7F48A00528C82 /* Build configuration list for PBXNativeTarget "My Profile" */;
			buildPhases = (
				62E407431AA7F48A00528C82 /* Sources */,
				62E407441AA7F48A00528C82 /* Frameworks */,
				62E407451AA7F48A00528C82 /* Resources */,
			);
			buildRules = (
			);
			dependencies = (
			);
			name = "My Profile";
			productName = "My Profile";
			productReference = 62E407471AA7F48A00528C82 /* My Profile.app */;
			productType = "com.apple.product-type.application";
		};
		62E4075B1AA7F48A00528C82 /* My ProfileTests */ = {
			isa = PBXNativeTarget;
			buildConfigurationList = 62E407691AA7F48A00528C82 /* Build configuration list for PBXNativeTarget "My ProfileTests" */;
			buildPhases = (
				62E407581AA7F48A00528C82 /* Sources */,
				62E407591AA7F48A00528C82 /* Frameworks */,
				62E4075A1AA7F48A00528C82 /* Resources */,
			);
			buildRules = (
			);
			dependencies = (
				62E4075E1AA7F48A00528C82 /* PBXTargetDependency */,
			);
			name = "My ProfileTests";
			productName = "My ProfileTests";
			productReference = 62E4075C1AA7F48A00528C82 /* My ProfileTests.xctest */;
			productType = "com.apple.product-type.bundle.unit-test";
		};
/* End PBXNativeTarget section */

/* Begin PBXProject section */
		62E4073F1AA7F48A00528C82 /* Project object */ = {
			isa = PBXProject;
			attributes = {
				LastUpgradeCheck = 0610;
				ORGANIZATIONNAME = Play;
				TargetAttributes = {
					62E407461AA7F48A00528C82 = {
						CreatedOnToolsVersion = 6.1.1;
					};
					62E4075B1AA7F48A00528C82 = {
						CreatedOnToolsVersion = 6.1.1;
						TestTargetID = 62E407461AA7F48A00528C82;
					};
				};
			};
			buildConfigurationList = 62E407421AA7F48A00528C82 /* Build configuration list for PBXProject "My Profile" */;
			compatibilityVersion = "Xcode 3.2";
			developmentRegion = English;
			hasScannedForEncodings = 0;
			knownRegions = (
				en,
				Base,
			);
			mainGroup = 62E4073E1AA7F48A00528C82;
			productRefGroup = 62E407481AA7F48A00528C82 /* Products */;
			projectDirPath = "";
			projectRoot = "";
			targets = (
				62E407461AA7F48A00528C82 /* My Profile */,
				62E4075B1AA7F48A00528C82 /* My ProfileTests */,
			);
		};
/* End PBXProject section */

/* Begin PBXResourcesBuildPhase section */
		62E407451AA7F48A00528C82 /* Resources */ = {
			isa = PBXResourcesBuildPhase;
			buildActionMask = 2147483647;
			files = (
				62E407521AA7F48A00528C82 /* Main.storyboard in Resources */,
				62E407571AA7F48A00528C82 /* LaunchScreen.xib in Resources */,
				62E407541AA7F48A00528C82 /* Images.xcassets in Resources */,
			);
			runOnlyForDeploymentPostprocessing = 0;
		};
		62E4075A1AA7F48A00528C82 /* Resources */ = {
			isa = PBXResourcesBuildPhase;
			buildActionMask = 2147483647;
			files = (
			);
			runOnlyForDeploymentPostprocessing = 0;
		};
/* End PBXResourcesBuildPhase section */

/* Begin PBXSourcesBuildPhase section */
		62E407431AA7F48A00528C82 /* Sources */ = {
			isa = PBXSourcesBuildPhase;
			buildActionMask = 2147483647;
			files = (
				62E4074F1AA7F48A00528C82 /* ViewController.swift in Sources */,
				62E4074D1AA7F48A00528C82 /* AppDelegate.swift in Sources */,
			);
			runOnlyForDeploymentPostprocessing = 0;
		};
		62E407581AA7F48A00528C82 /* Sources */ = {
			isa = PBXSourcesBuildPhase;
			buildActionMask = 2147483647;
			files = (
				62E407631AA7F48A00528C82 /* My_ProfileTests.swift in Sources */,
			);
			runOnlyForDeploymentPostprocessing = 0;
		};
/* End PBXSourcesBuildPhase section */

/* Begin PBXTargetDependency section */
		62E4075E1AA7F48A00528C82 /* PBXTargetDependency */ = {
			isa = PBXTargetDependency;
			target = 62E407461AA7F48A00528C82 /* My Profile */;
			targetProxy = 62E4075D1AA7F48A00528C82 /* PBXContainerItemProxy */;
		};
/* End PBXTargetDependency section */

/* Begin PBXVariantGroup section */
		62E407501AA7F48A00528C82 /* Main.storyboard */ = {
			isa = PBXVariantGroup;
			children = (
				62E407511AA7F48A00528C82 /* Base */,
			);
			name = Main.storyboard;
			sourceTree = "<group>";
		};
		62E407551AA7F48A00528C82 /* LaunchScreen.xib */ = {
			isa = PBXVariantGroup;
			children = (
				62E407561AA7F48A00528C82 /* Base */,
			);
			name = LaunchScreen.xib;
			sourceTree = "<group>";
		};
/* End PBXVariantGroup section */

/* Begin XCBuildConfiguration section */
		62E407641AA7F48A00528C82 /* Debug */ = {
			isa = XCBuildConfiguration;
			buildSettings = {
				ALWAYS_SEARCH_USER_PATHS = NO;
				CLANG_CXX_LANGUAGE_STANDARD = "gnu++0x";
				CLANG_CXX_LIBRARY = "libc++";
				CLANG_ENABLE_MODULES = YES;
				CLANG_ENABLE_OBJC_ARC = YES;
				CLANG_WARN_BOOL_CONVERSION = YES;
				CLANG_WARN_CONSTANT_CONVERSION = YES;
				CLANG_WARN_DIRECT_OBJC_ISA_USAGE = YES_ERROR;
				CLANG_WARN_EMPTY_BODY = YES;
				CLANG_WARN_ENUM_CONVERSION = YES;
				CLANG_WARN_INT_CONVERSION = YES;
				CLANG_WARN_OBJC_ROOT_CLASS = YES_ERROR;
				CLANG_WARN_UNREACHABLE_CODE = YES;
				CLANG_WARN__DUPLICATE_METHOD_MATCH = YES;
				"CODE_SIGN_IDENTITY[sdk=iphoneos*]" = "iPhone Developer";
				COPY_PHASE_STRIP = NO;
				ENABLE_STRICT_OBJC_MSGSEND = YES;
				GCC_C_LANGUAGE_STANDARD = gnu99;
				GCC_DYNAMIC_NO_PIC = NO;
				GCC_OPTIMIZATION_LEVEL = 0;
				GCC_PREPROCESSOR_DEFINITIONS = (
					"DEBUG=1",
					"$(inherited)",
				);
				GCC_SYMBOLS_PRIVATE_EXTERN = NO;
				GCC_WARN_64_TO_32_BIT_CONVERSION = YES;
				GCC_WARN_ABOUT_RETURN_TYPE = YES_ERROR;
				GCC_WARN_UNDECLARED_SELECTOR = YES;
				GCC_WARN_UNINITIALIZED_AUTOS = YES_AGGRESSIVE;
				GCC_WARN_UNUSED_FUNCTION = YES;
				GCC_WARN_UNUSED_VARIABLE = YES;
				IPHONEOS_DEPLOYMENT_TARGET = 8.1;
				MTL_ENABLE_DEBUG_INFO = YES;
				ONLY_ACTIVE_ARCH = YES;
				SDKROOT = iphoneos;
				SWIFT_OPTIMIZATION_LEVEL = "-Onone";
				TARGETED_DEVICE_FAMILY = "1,2";
			};
			name = Debug;
		};
		62E407651AA7F48A00528C82 /* Release */ = {
			isa = XCBuildConfiguration;
			buildSettings = {
				ALWAYS_SEARCH_USER_PATHS = NO;
				CLANG_CXX_LANGUAGE_STANDARD = "gnu++0x";
				CLANG_CXX_LIBRARY = "libc++";
				CLANG_ENABLE_MODULES = YES;
				CLANG_ENABLE_OBJC_ARC = YES;
				CLANG_WARN_BOOL_CONVERSION = YES;
				CLANG_WARN_CONSTANT_CONVERSION = YES;
				CLANG_WARN_DIRECT_OBJC_ISA_USAGE = YES_ERROR;
				CLANG_WARN_EMPTY_BODY = YES;
				CLANG_WARN_ENUM_CONVERSION = YES;
				CLANG_WARN_INT_CONVERSION = YES;
				CLANG_WARN_OBJC_ROOT_CLASS = YES_ERROR;
				CLANG_WARN_UNREACHABLE_CODE = YES;
				CLANG_WARN__DUPLICATE_METHOD_MATCH = YES;
				"CODE_SIGN_IDENTITY[sdk=iphoneos*]" = "iPhone Developer";
				COPY_PHASE_STRIP = YES;
				ENABLE_NS_ASSERTIONS = NO;
				ENABLE_STRICT_OBJC_MSGSEND = YES;
				GCC_C_LANGUAGE_STANDARD = gnu99;
				GCC_WARN_64_TO_32_BIT_CONVERSION = YES;
				GCC_WARN_ABOUT_RETURN_TYPE = YES_ERROR;
				GCC_WARN_UNDECLARED_SELECTOR = YES;
				GCC_WARN_UNINITIALIZED_AUTOS = YES_AGGRESSIVE;
				GCC_WARN_UNUSED_FUNCTION = YES;
				GCC_WARN_UNUSED_VARIABLE = YES;
				IPHONEOS_DEPLOYMENT_TARGET = 8.1;
				MTL_ENABLE_DEBUG_INFO = NO;
				SDKROOT = iphoneos;
				TARGETED_DEVICE_FAMILY = "1,2";
				VALIDATE_PRODUCT = YES;
			};
			name = Release;
		};
		62E407671AA7F48A00528C82 /* Debug */ = {
			isa = XCBuildConfiguration;
			buildSettings = {
				ASSETCATALOG_COMPILER_APPICON_NAME = AppIcon;
				INFOPLIST_FILE = "My Profile/Info.plist";
				LD_RUNPATH_SEARCH_PATHS = "$(inherited) @executable_path/Frameworks";
				PRODUCT_NAME = "$(TARGET_NAME)";
			};
			name = Debug;
		};
		62E407681AA7F48A00528C82 /* Release */ = {
			isa = XCBuildConfiguration;
			buildSettings = {
				ASSETCATALOG_COMPILER_APPICON_NAME = AppIcon;
				INFOPLIST_FILE = "My Profile/Info.plist";
				LD_RUNPATH_SEARCH_PATHS = "$(inherited) @executable_path/Frameworks";
				PRODUCT_NAME = "$(TARGET_NAME)";
			};
			name = Release;
		};
		62E4076A1AA7F48A00528C82 /* Debug */ = {
			isa = XCBuildConfiguration;
			buildSettings = {
				BUNDLE_LOADER = "$(TEST_HOST)";
				FRAMEWORK_SEARCH_PATHS = (
					"$(SDKROOT)/Developer/Library/Frameworks",
					"$(inherited)",
				);
				GCC_PREPROCESSOR_DEFINITIONS = (
					"DEBUG=1",
					"$(inherited)",
				);
				INFOPLIST_FILE = "My ProfileTests/Info.plist";
				LD_RUNPATH_SEARCH_PATHS = "$(inherited) @executable_path/Frameworks @loader_path/Frameworks";
				PRODUCT_NAME = "$(TARGET_NAME)";
				TEST_HOST = "$(BUILT_PRODUCTS_DIR)/My Profile.app/My Profile";
			};
			name = Debug;
		};
		62E4076B1AA7F48A00528C82 /* Release */ = {
			isa = XCBuildConfiguration;
			buildSettings = {
				BUNDLE_LOADER = "$(TEST_HOST)";
				FRAMEWORK_SEARCH_PATHS = (
					"$(SDKROOT)/Developer/Library/Frameworks",
					"$(inherited)",
				);
				INFOPLIST_FILE = "My ProfileTests/Info.plist";
				LD_RUNPATH_SEARCH_PATHS = "$(inherited) @executable_path/Frameworks @loader_path/Frameworks";
				PRODUCT_NAME = "$(TARGET_NAME)";
				TEST_HOST = "$(BUILT_PRODUCTS_DIR)/My Profile.app/My Profile";
			};
			name = Release;
		};
/* End XCBuildConfiguration section */

/* Begin XCConfigurationList section */
		62E407421AA7F48A00528C82 /* Build configuration list for PBXProject "My Profile" */ = {
			isa = XCConfigurationList;
			buildConfigurations = (
				62E407641AA7F48A00528C82 /* Debug */,
				62E407651AA7F48A00528C82 /* Release */,
			);
			defaultConfigurationIsVisible = 0;
			defaultConfigurationName = Release;
		};
		62E407661AA7F48A00528C82 /* Build configuration list for PBXNativeTarget "My Profile" */ = {
			isa = XCConfigurationList;
			buildConfigurations = (
				62E407671AA7F48A00528C82 /* Debug */,
				62E407681AA7F48A00528C82 /* Release */,
			);
			defaultConfigurationIsVisible = 0;
		};
		62E407691AA7F48A00528C82 /* Build configuration list for PBXNativeTarget "My ProfileTests" */ = {
			isa = XCConfigurationList;
			buildConfigurations = (
				62E4076A1AA7F48A00528C82 /* Debug */,
				62E4076B1AA7F48A00528C82 /* Release */,
			);
			defaultConfigurationIsVisible = 0;
		};
/* End XCConfigurationList section */
	};
	rootObject = 62E4073F1AA7F48A00528C82 /* Project object */;
}
